
Microsoft Visual Studio Solution File, Format Version 12.00
# Visual Studio Version 17
VisualStudioVersion = 17.4.33403.182
MinimumVisualStudioVersion = 10.0.40219.1
Project("{FAE04EC0-301F-11D3-BF4B-00C04F79EFBC}") = "ProjectLauncher", "ProjectLauncher\ProjectLauncher.csproj", "{4F2F39E7-0FAE-49EA-B175-E0B7C354AC7E}"
EndProject
Global
	GlobalSection(SolutionConfigurationPlatforms) = preSolution
		Debug|Any CPU = Debug|Any CPU
		Release|Any CPU = Release|Any CPU
	EndGlobalSection
	GlobalSection(ProjectConfigurationPlatforms) = postSolution
		{4F2F39E7-0FAE-49EA-B175-E0B7C354AC7E}.Debug|Any CPU.ActiveCfg = Debug|Any CPU
		{4F2F39E7-0FAE-49EA-B175-E0B7C354AC7E}.Debug|Any CPU.Build.0 = Debug|Any CPU
		{4F2F39E7-0FAE-49EA-B175-E0B7C354AC7E}.Release|Any CPU.ActiveCfg = Release|Any CPU
		{4F2F39E7-0FAE-49EA-B175-E0B7C354AC7E}.Release|Any CPU.Build.0 = Release|Any CPU
	EndGlobalSection
	GlobalSection(SolutionProperties) = preSolution
		HideSolutionNode = FALSE
	EndGlobalSection
	GlobalSection(ExtensibilityGlobals) = postSolution
		SolutionGuid = {465CB873-F62D-4224-AF6D-B92B4AF321C0}
	EndGlobalSection
EndGlobal
